
Microsoft Visual Studio Solution File, Format Version 12.00
# Visual Studio 2015
Project("{FAE04EC0-301F-11D3-BF4B-00C04F79EFBC}") = "excel.CSharp", "excel.CSharp.csproj", "{742406F5-AB0F-9886-DF67-EC39252D9721}"
EndProject
Project("{FAE04EC0-301F-11D3-BF4B-00C04F79EFBC}") = "excel.CSharp.Editor", "excel.CSharp.Editor.csproj", "{B74A3664-EDAC-5EA7-55F4-B9FFE9132971}"
EndProject
Global
	GlobalSection(SolutionConfigurationPlatforms) = preSolution
		Debug|Any CPU = Debug|Any CPU
		Release|Any CPU = Release|Any CPU
	EndGlobalSection
	GlobalSection(ProjectConfigurationPlatforms) = postSolution
		{742406F5-AB0F-9886-DF67-EC39252D9721}.Debug|Any CPU.ActiveCfg = Debug|Any CPU
		{742406F5-AB0F-9886-DF67-EC39252D9721}.Debug|Any CPU.Build.0 = Debug|Any CPU
		{742406F5-AB0F-9886-DF67-EC39252D9721}.Release|Any CPU.ActiveCfg = Release|Any CPU
		{742406F5-AB0F-9886-DF67-EC39252D9721}.Release|Any CPU.Build.0 = Release|Any CPU
		{B74A3664-EDAC-5EA7-55F4-B9FFE9132971}.Debug|Any CPU.ActiveCfg = Debug|Any CPU
		{B74A3664-EDAC-5EA7-55F4-B9FFE9132971}.Debug|Any CPU.Build.0 = Debug|Any CPU
		{B74A3664-EDAC-5EA7-55F4-B9FFE9132971}.Release|Any CPU.ActiveCfg = Release|Any CPU
		{B74A3664-EDAC-5EA7-55F4-B9FFE9132971}.Release|Any CPU.Build.0 = Release|Any CPU
	EndGlobalSection
	GlobalSection(SolutionProperties) = preSolution
		HideSolutionNode = FALSE
	EndGlobalSection
EndGlobal
